
Microsoft Visual Studio Solution File, Format Version 12.00
# Visual Studio Version 17
VisualStudioVersion = 17.3.32922.545
MinimumVisualStudioVersion = 10.0.40219.1
Project("{FAE04EC0-301F-11D3-BF4B-00C04F79EFBC}") = "Filmes", "Filmes.csproj", "{434297DE-75A8-4248-852F-AD0603664365}"
EndProject
Global
	GlobalSection(SolutionConfigurationPlatforms) = preSolution
		Debug|Any CPU = Debug|Any CPU
		Release|Any CPU = Release|Any CPU
	EndGlobalSection
	GlobalSection(ProjectConfigurationPlatforms) = postSolution
		{434297DE-75A8-4248-852F-AD0603664365}.Debug|Any CPU.ActiveCfg = Debug|Any CPU
		{434297DE-75A8-4248-852F-AD0603664365}.Debug|Any CPU.Build.0 = Debug|Any CPU
		{434297DE-75A8-4248-852F-AD0603664365}.Release|Any CPU.ActiveCfg = Release|Any CPU
		{434297DE-75A8-4248-852F-AD0603664365}.Release|Any CPU.Build.0 = Release|Any CPU
	EndGlobalSection
	GlobalSection(SolutionProperties) = preSolution
		HideSolutionNode = FALSE
	EndGlobalSection
	GlobalSection(ExtensibilityGlobals) = postSolution
		SolutionGuid = {E6630EC3-3368-43AD-9087-80886E09DDAE}
	EndGlobalSection
EndGlobal
